
Microsoft Visual Studio Solution File, Format Version 12.00
# Visual Studio 15
VisualStudioVersion = 15.0.26228.4
MinimumVisualStudioVersion = 10.0.40219.1
Project("{FAE04EC0-301F-11D3-BF4B-00C04F79EFBC}") = "TaskManager.BusinessLayer", "TaskManager.BusinessLayer\TaskManager.BusinessLayer.csproj", "{68F9B5CF-2150-4CD2-967C-279B6E32319D}"
EndProject
Project("{FAE04EC0-301F-11D3-BF4B-00C04F79EFBC}") = "TaskManager.DataLayer", "TaskManager.DataLayer\TaskManager.DataLayer.csproj", "{A5CA930B-CCE4-4EFE-A52D-FCF334DF64C6}"
EndProject
Project("{FAE04EC0-301F-11D3-BF4B-00C04F79EFBC}") = "TaskManager.API", "TaskManager.API\TaskManager.API.csproj", "{E18B6D79-8872-429E-8A05-F82E9FF919A9}"
EndProject
Project("{FAE04EC0-301F-11D3-BF4B-00C04F79EFBC}") = "TaskManager.Entities", "TaskManager.Entities\TaskManager.Entities.csproj", "{EF253B3A-ADD7-42C2-9B01-FCC7DE71381B}"
EndProject
Project("{FAE04EC0-301F-11D3-BF4B-00C04F79EFBC}") = "TaskManagerTest.Tests", "TaskManagerTest.Tests\TaskManagerTest.Tests.csproj", "{6BA83A13-C018-4432-B130-4EE76AB40594}"
EndProject
Global
	GlobalSection(SolutionConfigurationPlatforms) = preSolution
		Debug|Any CPU = Debug|Any CPU
		Release|Any CPU = Release|Any CPU
	EndGlobalSection
	GlobalSection(ProjectConfigurationPlatforms) = postSolution
		{68F9B5CF-2150-4CD2-967C-279B6E32319D}.Debug|Any CPU.ActiveCfg = Debug|Any CPU
		{68F9B5CF-2150-4CD2-967C-279B6E32319D}.Debug|Any CPU.Build.0 = Debug|Any CPU
		{68F9B5CF-2150-4CD2-967C-279B6E32319D}.Release|Any CPU.ActiveCfg = Release|Any CPU
		{68F9B5CF-2150-4CD2-967C-279B6E32319D}.Release|Any CPU.Build.0 = Release|Any CPU
		{A5CA930B-CCE4-4EFE-A52D-FCF334DF64C6}.Debug|Any CPU.ActiveCfg = Debug|Any CPU
		{A5CA930B-CCE4-4EFE-A52D-FCF334DF64C6}.Debug|Any CPU.Build.0 = Debug|Any CPU
		{A5CA930B-CCE4-4EFE-A52D-FCF334DF64C6}.Release|Any CPU.ActiveCfg = Release|Any CPU
		{A5CA930B-CCE4-4EFE-A52D-FCF334DF64C6}.Release|Any CPU.Build.0 = Release|Any CPU
		{E18B6D79-8872-429E-8A05-F82E9FF919A9}.Debug|Any CPU.ActiveCfg = Debug|Any CPU
		{E18B6D79-8872-429E-8A05-F82E9FF919A9}.Debug|Any CPU.Build.0 = Debug|Any CPU
		{E18B6D79-8872-429E-8A05-F82E9FF919A9}.Release|Any CPU.ActiveCfg = Release|Any CPU
		{E18B6D79-8872-429E-8A05-F82E9FF919A9}.Release|Any CPU.Build.0 = Release|Any CPU
		{EF253B3A-ADD7-42C2-9B01-FCC7DE71381B}.Debug|Any CPU.ActiveCfg = Debug|Any CPU
		{EF253B3A-ADD7-42C2-9B01-FCC7DE71381B}.Debug|Any CPU.Build.0 = Debug|Any CPU
		{EF253B3A-ADD7-42C2-9B01-FCC7DE71381B}.Release|Any CPU.ActiveCfg = Release|Any CPU
		{EF253B3A-ADD7-42C2-9B01-FCC7DE71381B}.Release|Any CPU.Build.0 = Release|Any CPU
		{6BA83A13-C018-4432-B130-4EE76AB40594}.Debug|Any CPU.ActiveCfg = Debug|Any CPU
		{6BA83A13-C018-4432-B130-4EE76AB40594}.Debug|Any CPU.Build.0 = Debug|Any CPU
		{6BA83A13-C018-4432-B130-4EE76AB40594}.Release|Any CPU.ActiveCfg = Release|Any CPU
		{6BA83A13-C018-4432-B130-4EE76AB40594}.Release|Any CPU.Build.0 = Release|Any CPU
	EndGlobalSection
	GlobalSection(SolutionProperties) = preSolution
		HideSolutionNode = FALSE
	EndGlobalSection
EndGlobal
